
Microsoft Visual Studio Solution File, Format Version 12.00
# Visual Studio Version 17
VisualStudioVersion = 17.8.34330.188
MinimumVisualStudioVersion = 10.0.40219.1
Project("{FAE04EC0-301F-11D3-BF4B-00C04F79EFBC}") = "WebApiToAzure", "WebApiToAzure\WebApiToAzure.csproj", "{52883B4C-6320-4409-B267-E807263B6E83}"
EndProject
Global
	GlobalSection(SolutionConfigurationPlatforms) = preSolution
		Debug|Any CPU = Debug|Any CPU
		Release|Any CPU = Release|Any CPU
	EndGlobalSection
	GlobalSection(ProjectConfigurationPlatforms) = postSolution
		{52883B4C-6320-4409-B267-E807263B6E83}.Debug|Any CPU.ActiveCfg = Debug|Any CPU
		{52883B4C-6320-4409-B267-E807263B6E83}.Debug|Any CPU.Build.0 = Debug|Any CPU
		{52883B4C-6320-4409-B267-E807263B6E83}.Release|Any CPU.ActiveCfg = Release|Any CPU
		{52883B4C-6320-4409-B267-E807263B6E83}.Release|Any CPU.Build.0 = Release|Any CPU
	EndGlobalSection
	GlobalSection(SolutionProperties) = preSolution
		HideSolutionNode = FALSE
	EndGlobalSection
	GlobalSection(ExtensibilityGlobals) = postSolution
		SolutionGuid = {C3F0B69F-F33D-4A49-B52C-671593EDBD0B}
	EndGlobalSection
EndGlobal
